
Microsoft Visual Studio Solution File, Format Version 12.00
# Visual Studio Version 16
VisualStudioVersion = 16.0.32106.194
MinimumVisualStudioVersion = 10.0.40219.1
Project("{8BC9CEB8-8B4A-11D0-8D11-00A0C91BC942}") = "Analygraph", "Analygraph\Analygraph.vcxproj", "{53BFBD7D-916E-45AC-8BA2-A70E6FDDA211}"
EndProject
Global
	GlobalSection(SolutionConfigurationPlatforms) = preSolution
		Debug|x64 = Debug|x64
		Debug|x86 = Debug|x86
		Release|x64 = Release|x64
		Release|x86 = Release|x86
	EndGlobalSection
	GlobalSection(ProjectConfigurationPlatforms) = postSolution
		{53BFBD7D-916E-45AC-8BA2-A70E6FDDA211}.Debug|x64.ActiveCfg = Debug|x64
		{53BFBD7D-916E-45AC-8BA2-A70E6FDDA211}.Debug|x64.Build.0 = Debug|x64
		{53BFBD7D-916E-45AC-8BA2-A70E6FDDA211}.Debug|x86.ActiveCfg = Debug|Win32
		{53BFBD7D-916E-45AC-8BA2-A70E6FDDA211}.Debug|x86.Build.0 = Debug|Win32
		{53BFBD7D-916E-45AC-8BA2-A70E6FDDA211}.Release|x64.ActiveCfg = Release|x64
		{53BFBD7D-916E-45AC-8BA2-A70E6FDDA211}.Release|x64.Build.0 = Release|x64
		{53BFBD7D-916E-45AC-8BA2-A70E6FDDA211}.Release|x86.ActiveCfg = Release|Win32
		{53BFBD7D-916E-45AC-8BA2-A70E6FDDA211}.Release|x86.Build.0 = Release|Win32
	EndGlobalSection
	GlobalSection(SolutionProperties) = preSolution
		HideSolutionNode = FALSE
	EndGlobalSection
	GlobalSection(ExtensibilityGlobals) = postSolution
		SolutionGuid = {9D228E73-E560-4D81-8B8A-79622E8E680F}
	EndGlobalSection
EndGlobal
